
Microsoft Visual Studio Solution File, Format Version 12.00
# Visual Studio Version 16
VisualStudioVersion = 16.0.32802.440
MinimumVisualStudioVersion = 10.0.40219.1
Project("{FAE04EC0-301F-11D3-BF4B-00C04F79EFBC}") = "Contacts.WebApi", "Contacts.WebApi\Contacts.WebApi.csproj", "{6ED83745-8CF5-4FD6-89EF-3DFEFC24BCCC}"
EndProject
Project("{FAE04EC0-301F-11D3-BF4B-00C04F79EFBC}") = "Contacts.DB", "Contacts.DB\Contacts.DB.csproj", "{E4AEDFE9-98C5-4351-B807-24763BC32270}"
EndProject
Project("{FAE04EC0-301F-11D3-BF4B-00C04F79EFBC}") = "Contacts.Core", "Contacts.Core\Contacts.Core.csproj", "{3882487F-BC49-40EF-A119-915B4728595E}"
EndProject
Global
	GlobalSection(SolutionConfigurationPlatforms) = preSolution
		Debug|Any CPU = Debug|Any CPU
		Release|Any CPU = Release|Any CPU
	EndGlobalSection
	GlobalSection(ProjectConfigurationPlatforms) = postSolution
		{6ED83745-8CF5-4FD6-89EF-3DFEFC24BCCC}.Debug|Any CPU.ActiveCfg = Debug|Any CPU
		{6ED83745-8CF5-4FD6-89EF-3DFEFC24BCCC}.Debug|Any CPU.Build.0 = Debug|Any CPU
		{6ED83745-8CF5-4FD6-89EF-3DFEFC24BCCC}.Release|Any CPU.ActiveCfg = Release|Any CPU
		{6ED83745-8CF5-4FD6-89EF-3DFEFC24BCCC}.Release|Any CPU.Build.0 = Release|Any CPU
		{E4AEDFE9-98C5-4351-B807-24763BC32270}.Debug|Any CPU.ActiveCfg = Debug|Any CPU
		{E4AEDFE9-98C5-4351-B807-24763BC32270}.Debug|Any CPU.Build.0 = Debug|Any CPU
		{E4AEDFE9-98C5-4351-B807-24763BC32270}.Release|Any CPU.ActiveCfg = Release|Any CPU
		{E4AEDFE9-98C5-4351-B807-24763BC32270}.Release|Any CPU.Build.0 = Release|Any CPU
		{3882487F-BC49-40EF-A119-915B4728595E}.Debug|Any CPU.ActiveCfg = Debug|Any CPU
		{3882487F-BC49-40EF-A119-915B4728595E}.Debug|Any CPU.Build.0 = Debug|Any CPU
		{3882487F-BC49-40EF-A119-915B4728595E}.Release|Any CPU.ActiveCfg = Release|Any CPU
		{3882487F-BC49-40EF-A119-915B4728595E}.Release|Any CPU.Build.0 = Release|Any CPU
	EndGlobalSection
	GlobalSection(SolutionProperties) = preSolution
		HideSolutionNode = FALSE
	EndGlobalSection
	GlobalSection(ExtensibilityGlobals) = postSolution
		SolutionGuid = {58EB121E-3FB1-4D26-B4D4-6BC673F15717}
	EndGlobalSection
EndGlobal
